version = 1
revision = 3
requires-python = ">=3.14"

[options]
exclude-newer = "0001-01-01T00:00:00Z" # This has no effect and is included for backwards compatibility when using relative exclude-newer values.
exclude-newer-span = "P3D"

[[package]]
name = "anyio"
version = "4.12.1"
source = { registry = "https://pypi.org/simple" }
dependencies = [
    { name = "idna" },
]
sdist = { url = "https://files.pythonhosted.org/packages/96/f0/5eb65b2bb0d09ac6776f2eb54adee6abe8228ea05b20a5ad0e4945de8aac/anyio-4.12.1.tar.gz", hash = "sha256:41cfcc3a4c85d3f05c932da7c26d0201ac36f72abd4435ba90d0464a3ffed703", size = 228685, upload-time = "2026-01-06T11:45:21.246Z" }
wheels = [
    { url = "https://files.pythonhosted.org/packages/38/0e/27be9fdef66e72d64c0cdc3cc2823101b80585f8119b5c112c2e8f5f7dab/anyio-4.12.1-py3-none-any.whl", hash = "sha256:d405828884fc140aa80a3c667b8beed277f1dfedec42ba031bd6ac3db606ab6c", size = 113592, upload-time = "2026-01-06T11:45:19.497Z" },
]

[[package]]
name = "awesome-python"
version = "0.1.0"
source = { virtual = "." }

[package.dev-dependencies]
build = [
    { name = "httpx" },
    { name = "jinja2" },
    { name = "markdown-it-py" },
]
dev = [
    { name = "httpx" },
    { name = "jinja2" },
    { name = "markdown-it-py" },
    { name = "pytest" },
    { name = "ruff" },
    { name = "ty" },
    { name = "watchfiles" },
]
lint = [
    { name = "ruff" },
    { name = "ty" },
]
preview = [
    { name = "watchfiles" },
]
test = [
    { name = "pytest" },
]

[package.metadata]

[package.metadata.requires-dev]
build = [
    { name = "httpx", specifier = "==0.28.1" },
    { name = "jinja2", specifier = "==3.1.6" },
    { name = "markdown-it-py", specifier = "==4.0.0" },
]
dev = [
    { name = "httpx", specifier = "==0.28.1" },
    { name = "jinja2", specifier = "==3.1.6" },
    { name = "markdown-it-py", specifier = "==4.0.0" },
    { name = "pytest", specifier = "==9.0.3" },
    { name = "ruff", specifier = "==0.15.6" },
    { name = "ty", specifier = "==0.0.33" },
    { name = "watchfiles", specifier = "==1.2.0" },
]
lint = [
    { name = "ruff", specifier = "==0.15.6" },
    { name = "ty", specifier = "==0.0.33" },
]
preview = [{ name = "watchfiles", specifier = "==1.2.0" }]
test = [{ name = "pytest", specifier = "==9.0.3" }]

[[package]]
name = "certifi"
version = "2026.2.25"
source = { registry = "https://pypi.org/simple" }
sdist = { url = "https://files.pythonhosted.org/packages/af/2d/7bf41579a8986e348fa033a31cdd0e4121114f6bce2457e8876010b092dd/certifi-2026.2.25.tar.gz", hash = "sha256:e887ab5cee78ea814d3472169153c2d12cd43b14bd03329a39a9c6e2e80bfba7", size = 155029, upload-time = "2026-02-25T02:54:17.342Z" }
wheels = [
    { url = "https://files.pythonhosted.org/packages/9a/3c/c17fb3ca2d9c3acff52e30b309f538586f9f5b9c9cf454f3845fc9af4881/certifi-2026.2.25-py3-none-any.whl", hash = "sha256:027692e4402ad994f1c42e52a4997a9763c646b73e4096e4d5d6db8af1d6f0fa", size = 153684, upload-time = "2026-02-25T02:54:15.766Z" },
]

[[package]]
name = "colorama"
version = "0.4.6"
source = { registry = "https://pypi.org/simple" }
sdist = { url = "https://files.pythonhosted.org/packages/d8/53/6f443c9a4a8358a93a6792e2acffb9d9d5cb0a5cfd8802644b7b1c9a02e4/colorama-0.4.6.tar.gz", hash = "sha256:08695f5cb7ed6e0531a20572697297273c47b8cae5a63ffc6d6ed5c201be6e44", size = 27697, upload-time = "2022-10-25T02:36:22.414Z" }
wheels = [
    { url = "https://files.pythonhosted.org/packages/d1/d6/3965ed04c63042e047cb6a3e6ed1a63a35087b6a609aa3a15ed8ac56c221/colorama-0.4.6-py2.py3-none-any.whl", hash = "sha256:4f1d9991f5acc0ca119f9d443620b77f9d6b33703e51011c16baf57afb285fc6", size = 25335, upload-time = "2022-10-25T02:36:20.889Z" },
]

[[package]]
name = "h11"
version = "0.16.0"
source = { registry = "https://pypi.org/simple" }
sdist = { url = "https://files.pythonhosted.org/packages/01/ee/02a2c011bdab74c6fb3c75474d40b3052059d95df7e73351460c8588d963/h11-0.16.0.tar.gz", hash = "sha256:4e35b956cf45792e4caa5885e69fba00bdbc6ffafbfa020300e549b208ee5ff1", size = 101250, upload-time = "2025-04-24T03:35:25.427Z" }
wheels = [
    { url = "https://files.pythonhosted.org/packages/04/4b/29cac41a4d98d144bf5f6d33995617b185d14b22401f75ca86f384e87ff1/h11-0.16.0-py3-none-any.whl", hash = "sha256:63cf8bbe7522de3bf65932fda1d9c2772064ffb3dae62d55932da54b31cb6c86", size = 37515, upload-time = "2025-04-24T03:35:24.344Z" },
]

[[package]]
name = "httpcore"
version = "1.0.9"
source = { registry = "https://pypi.org/simple" }
dependencies = [
    { name = "certifi" },
    { name = "h11" },
]
sdist = { url = "https://files.pythonhosted.org/packages/06/94/82699a10bca87a5556c9c59b5963f2d039dbd239f25bc2a63907a05a14cb/httpcore-1.0.9.tar.gz", hash = "sha256:6e34463af53fd2ab5d807f399a9b45ea31c3dfa2276f15a2c3f00afff6e176e8", size = 85484, upload-time = "2025-04-24T22:06:22.219Z" }
wheels = [
    { url = "https://files.pythonhosted.org/packages/7e/f5/f66802a942d491edb555dd61e3a9961140fd64c90bce1eafd741609d334d/httpcore-1.0.9-py3-none-any.whl", hash = "sha256:2d400746a40668fc9dec9810239072b40b4484b640a8c38fd654a024c7a1bf55", size = 78784, upload-time = "2025-04-24T22:06:20.566Z" },
]

[[package]]
name = "httpx"
version = "0.28.1"
source = { registry = "https://pypi.org/simple" }
dependencies = [
    { name = "anyio" },
    { name = "certifi" },
    { name = "httpcore" },
    { name = "idna" },
]
sdist = { url = "https://files.pythonhosted.org/packages/b1/df/48c586a5fe32a0f01324ee087459e112ebb7224f646c0b5023f5e79e9956/httpx-0.28.1.tar.gz", hash = "sha256:75e98c5f16b0f35b567856f597f06ff2270a374470a5c2392242528e3e3e42fc", size = 141406, upload-time = "2024-12-06T15:37:23.222Z" }
wheels = [
    { url = "https://files.pythonhosted.org/packages/2a/39/e50c7c3a983047577ee07d2a9e53faf5a69493943ec3f6a384bdc792deb2/httpx-0.28.1-py3-none-any.whl", hash = "sha256:d909fcccc110f8c7faf814ca82a9a4d816bc5a6dbfea25d6591d6985b8ba59ad", size = 73517, upload-time = "2024-12-06T15:37:21.509Z" },
]

[[package]]
name = "idna"
version = "3.15"
source = { registry = "https://pypi.org/simple" }
sdist = { url = "https://files.pythonhosted.org/packages/82/77/7b3966d0b9d1d31a36ddf1746926a11dface89a83409bf1483f0237aa758/idna-3.15.tar.gz", hash = "sha256:ca962446ea538f7092a95e057da437618e886f4d349216d2b1e294abfdb65fdc", size = 199245, upload-time = "2026-05-12T22:45:57.011Z" }
wheels = [
    { url = "https://files.pythonhosted.org/packages/d2/23/408243171aa9aaba178d3e2559159c24c1171a641aa83b67bdd3394ead8e/idna-3.15-py3-none-any.whl", hash = "sha256:048adeaf8c2d788c40fee287673ccaa74c24ffd8dcf09ffa555a2fbb59f10ac8", size = 72340, upload-time = "2026-05-12T22:45:55.733Z" },
]

[[package]]
name = "iniconfig"
version = "2.3.0"
source = { registry = "https://pypi.org/simple" }
sdist = { url = "https://files.pythonhosted.org/packages/72/34/14ca021ce8e5dfedc35312d08ba8bf51fdd999c576889fc2c24cb97f4f10/iniconfig-2.3.0.tar.gz", hash = "sha256:c76315c77db068650d49c5b56314774a7804df16fee4402c1f19d6d15d8c4730", size = 20503, upload-time = "2025-10-18T21:55:43.219Z" }
wheels = [
    { url = "https://files.pythonhosted.org/packages/cb/b1/3846dd7f199d53cb17f49cba7e651e9ce294d8497c8c150530ed11865bb8/iniconfig-2.3.0-py3-none-any.whl", hash = "sha256:f631c04d2c48c52b84d0d0549c99ff3859c98df65b3101406327ecc7d53fbf12", size = 7484, upload-time = "2025-10-18T21:55:41.639Z" },
]

[[package]]
name = "jinja2"
version = "3.1.6"
source = { registry = "https://pypi.org/simple" }
dependencies = [
    { name = "markupsafe" },
]
sdist = { url = "https://files.pythonhosted.org/packages/df/bf/f7da0350254c0ed7c72f3e33cef02e048281fec7ecec5f032d4aac52226b/jinja2-3.1.6.tar.gz", hash = "sha256:0137fb05990d35f1275a587e9aee6d56da821fc83491a0fb838183be43f66d6d", size = 245115, upload-time = "2025-03-05T20:05:02.478Z" }
wheels = [
    { url = "https://files.pythonhosted.org/packages/62/a1/3d680cbfd5f4b8f15abc1d571870c5fc3e594bb582bc3b64ea099db13e56/jinja2-3.1.6-py3-none-any.whl", hash = "sha256:85ece4451f492d0c13c5dd7c13a64681a86afae63a5f347908daf103ce6d2f67", size = 134899, upload-time = "2025-03-05T20:05:00.369Z" },
]

[[package]]
name = "markdown-it-py"
version = "4.0.0"
source = { registry = "https://pypi.org/simple" }
dependencies = [
    { name = "mdurl" },
]
sdist = { url = "https://files.pythonhosted.org/packages/5b/f5/4ec618ed16cc4f8fb3b701563655a69816155e79e24a17b651541804721d/markdown_it_py-4.0.0.tar.gz", hash = "sha256:cb0a2b4aa34f932c007117b194e945bd74e0ec24133ceb5bac59009cda1cb9f3", size = 73070, upload-time = "2025-08-11T12:57:52.854Z" }
wheels = [
    { url = "https://files.pythonhosted.org/packages/94/54/e7d793b573f298e1c9013b8c4dade17d481164aa517d1d7148619c2cedbf/markdown_it_py-4.0.0-py3-none-any.whl", hash = "sha256:87327c59b172c5011896038353a81343b6754500a08cd7a4973bb48c6d578147", size = 87321, upload-time = "2025-08-11T12:57:51.923Z" },
]

[[package]]
name = "markupsafe"
version = "3.0.3"
source = { registry = "https://pypi.org/simple" }
sdist = { url = "https://files.pythonhosted.org/packages/7e/99/7690b6d4034fffd95959cbe0c02de8deb3098cc577c67bb6a24fe5d7caa7/markupsafe-3.0.3.tar.gz", hash = "sha256:722695808f4b6457b320fdc131280796bdceb04ab50fe1795cd540799ebe1698", size = 80313, upload-time = "2025-09-27T18:37:40.426Z" }
wheels = [
    { url = "https://files.pythonhosted.org/packages/33/8a/8e42d4838cd89b7dde187011e97fe6c3af66d8c044997d2183fbd6d31352/markupsafe-3.0.3-cp314-cp314-macosx_10_13_x86_64.whl", hash = "sha256:eaa9599de571d72e2daf60164784109f19978b327a3910d3e9de8c97b5b70cfe", size = 11619, upload-time = "2025-09-27T18:37:06.342Z" },
    { url = "https://files.pythonhosted.org/packages/b5/64/7660f8a4a8e53c924d0fa05dc3a55c9cee10bbd82b11c5afb27d44b096ce/markupsafe-3.0.3-cp314-cp314-macosx_11_0_arm64.whl", hash = "sha256:c47a551199eb8eb2121d4f0f15ae0f923d31350ab9280078d1e5f12b249e0026", size = 12029, upload-time = "2025-09-27T18:37:07.213Z" },
    { url = "https://files.pythonhosted.org/packages/da/ef/e648bfd021127bef5fa12e1720ffed0c6cbb8310c8d9bea7266337ff06de/markupsafe-3.0.3-cp314-cp314-manylinux2014_aarch64.manylinux_2_17_aarch64.manylinux_2_28_aarch64.whl", hash = "sha256:f34c41761022dd093b4b6896d4810782ffbabe30f2d443ff5f083e0cbbb8c737", size = 24408, upload-time = "2025-09-27T18:37:09.572Z" },
    { url = "https://files.pythonhosted.org/packages/41/3c/a36c2450754618e62008bf7435ccb0f88053e07592e6028a34776213d877/markupsafe-3.0.3-cp314-cp314-manylinux2014_x86_64.manylinux_2_17_x86_64.manylinux_2_28_x86_64.whl", hash = "sha256:457a69a9577064c05a97c41f4e65148652db078a3a509039e64d3467b9e7ef97", size = 23005, upload-time = "2025-09-27T18:37:10.58Z" },
    { url = "https://files.pythonhosted.org/packages/bc/20/b7fdf89a8456b099837cd1dc21974632a02a999ec9bf7ca3e490aacd98e7/markupsafe-3.0.3-cp314-cp314-manylinux_2_31_riscv64.manylinux_2_39_riscv64.whl", hash = "sha256:e8afc3f2ccfa24215f8cb28dcf43f0113ac3c37c2f0f0806d8c70e4228c5cf4d", size = 22048, upload-time = "2025-09-27T18:37:11.547Z" },
    { url = "https://files.pythonhosted.org/packages/9a/a7/591f592afdc734f47db08a75793a55d7fbcc6902a723ae4cfbab61010cc5/markupsafe-3.0.3-cp314-cp314-musllinux_1_2_aarch64.whl", hash = "sha256:ec15a59cf5af7be74194f7ab02d0f59a62bdcf1a537677ce67a2537c9b87fcda", size = 23821, upload-time = "2025-09-27T18:37:12.48Z" },
    { url = "https://files.pythonhosted.org/packages/7d/33/45b24e4f44195b26521bc6f1a82197118f74df348556594bd2262bda1038/markupsafe-3.0.3-cp314-cp314-musllinux_1_2_riscv64.whl", hash = "sha256:0eb9ff8191e8498cca014656ae6b8d61f39da5f95b488805da4bb029cccbfbaf", size = 21606, upload-time = "2025-09-27T18:37:13.485Z" },
    { url = "https://files.pythonhosted.org/packages/ff/0e/53dfaca23a69fbfbbf17a4b64072090e70717344c52eaaaa9c5ddff1e5f0/markupsafe-3.0.3-cp314-cp314-musllinux_1_2_x86_64.whl", hash = "sha256:2713baf880df847f2bece4230d4d094280f4e67b1e813eec43b4c0e144a34ffe", size = 23043, upload-time = "2025-09-27T18:37:14.408Z" },
    { url = "https://files.pythonhosted.org/packages/46/11/f333a06fc16236d5238bfe74daccbca41459dcd8d1fa952e8fbd5dccfb70/markupsafe-3.0.3-cp314-cp314-win32.whl", hash = "sha256:729586769a26dbceff69f7a7dbbf59ab6572b99d94576a5592625d5b411576b9", size = 14747, upload-time = "2025-09-27T18:37:15.36Z" },
    { url = "https://files.pythonhosted.org/packages/28/52/182836104b33b444e400b14f797212f720cbc9ed6ba34c800639d154e821/markupsafe-3.0.3-cp314-cp314-win_amd64.whl", hash = "sha256:bdc919ead48f234740ad807933cdf545180bfbe9342c2bb451556db2ed958581", size = 15341, upload-time = "2025-09-27T18:37:16.496Z" },
    { url = "https://files.pythonhosted.org/packages/6f/18/acf23e91bd94fd7b3031558b1f013adfa21a8e407a3fdb32745538730382/markupsafe-3.0.3-cp314-cp314-win_arm64.whl", hash = "sha256:5a7d5dc5140555cf21a6fefbdbf8723f06fcd2f63ef108f2854de715e4422cb4", size = 14073, upload-time = "2025-09-27T18:37:17.476Z" },
    { url = "https://files.pythonhosted.org/packages/3c/f0/57689aa4076e1b43b15fdfa646b04653969d50cf30c32a102762be2485da/markupsafe-3.0.3-cp314-cp314t-macosx_10_13_x86_64.whl", hash = "sha256:1353ef0c1b138e1907ae78e2f6c63ff67501122006b0f9abad68fda5f4ffc6ab", size = 11661, upload-time = "2025-09-27T18:37:18.453Z" },
    { url = "https://files.pythonhosted.org/packages/89/c3/2e67a7ca217c6912985ec766c6393b636fb0c2344443ff9d91404dc4c79f/markupsafe-3.0.3-cp314-cp314t-macosx_11_0_arm64.whl", hash = "sha256:1085e7fbddd3be5f89cc898938f42c0b3c711fdcb37d75221de2666af647c175", size = 12069, upload-time = "2025-09-27T18:37:19.332Z" },
    { url = "https://files.pythonhosted.org/packages/f0/00/be561dce4e6ca66b15276e184ce4b8aec61fe83662cce2f7d72bd3249d28/markupsafe-3.0.3-cp314-cp314t-manylinux2014_aarch64.manylinux_2_17_aarch64.manylinux_2_28_aarch64.whl", hash = "sha256:1b52b4fb9df4eb9ae465f8d0c228a00624de2334f216f178a995ccdcf82c4634", size = 25670, upload-time = "2025-09-27T18:37:20.245Z" },
    { url = "https://files.pythonhosted.org/packages/50/09/c419f6f5a92e5fadde27efd190eca90f05e1261b10dbd8cbcb39cd8ea1dc/markupsafe-3.0.3-cp314-cp314t-manylinux2014_x86_64.manylinux_2_17_x86_64.manylinux_2_28_x86_64.whl", hash = "sha256:fed51ac40f757d41b7c48425901843666a6677e3e8eb0abcff09e4ba6e664f50", size = 23598, upload-time = "2025-09-27T18:37:21.177Z" },
    { url = "https://files.pythonhosted.org/packages/22/44/a0681611106e0b2921b3033fc19bc53323e0b50bc70cffdd19f7d679bb66/markupsafe-3.0.3-cp314-cp314t-manylinux_2_31_riscv64.manylinux_2_39_riscv64.whl", hash = "sha256:f190daf01f13c72eac4efd5c430a8de82489d9cff23c364c3ea822545032993e", size = 23261, upload-time = "2025-09-27T18:37:22.167Z" },
    { url = "https://files.pythonhosted.org/packages/5f/57/1b0b3f100259dc9fffe780cfb60d4be71375510e435efec3d116b6436d43/markupsafe-3.0.3-cp314-cp314t-musllinux_1_2_aarch64.whl", hash = "sha256:e56b7d45a839a697b5eb268c82a71bd8c7f6c94d6fd50c3d577fa39a9f1409f5", size = 24835, upload-time = "2025-09-27T18:37:23.296Z" },
    { url = "https://files.pythonhosted.org/packages/26/6a/4bf6d0c97c4920f1597cc14dd720705eca0bf7c787aebc6bb4d1bead5388/markupsafe-3.0.3-cp314-cp314t-musllinux_1_2_riscv64.whl", hash = "sha256:f3e98bb3798ead92273dc0e5fd0f31ade220f59a266ffd8a4f6065e0a3ce0523", size = 22733, upload-time = "2025-09-27T18:37:24.237Z" },
    { url = "https://files.pythonhosted.org/packages/14/c7/ca723101509b518797fedc2fdf79ba57f886b4aca8a7d31857ba3ee8281f/markupsafe-3.0.3-cp314-cp314t-musllinux_1_2_x86_64.whl", hash = "sha256:5678211cb9333a6468fb8d8be0305520aa073f50d17f089b5b4b477ea6e67fdc", size = 23672, upload-time = "2025-09-27T18:37:25.271Z" },
    { url = "https://files.pythonhosted.org/packages/fb/df/5bd7a48c256faecd1d36edc13133e51397e41b73bb77e1a69deab746ebac/markupsafe-3.0.3-cp314-cp314t-win32.whl", hash = "sha256:915c04ba3851909ce68ccc2b8e2cd691618c4dc4c4232fb7982bca3f41fd8c3d", size = 14819, upload-time = "2025-09-27T18:37:26.285Z" },
    { url = "https://files.pythonhosted.org/packages/1a/8a/0402ba61a2f16038b48b39bccca271134be00c5c9f0f623208399333c448/markupsafe-3.0.3-cp314-cp314t-win_amd64.whl", hash = "sha256:4faffd047e07c38848ce017e8725090413cd80cbc23d86e55c587bf979e579c9", size = 15426, upload-time = "2025-09-27T18:37:27.316Z" },
    { url = "https://files.pythonhosted.org/packages/70/bc/6f1c2f612465f5fa89b95bead1f44dcb607670fd42891d8fdcd5d039f4f4/markupsafe-3.0.3-cp314-cp314t-win_arm64.whl", hash = "sha256:32001d6a8fc98c8cb5c947787c5d08b0a50663d139f1305bac5885d98d9b40fa", size = 14146, upload-time = "2025-09-27T18:37:28.327Z" },
]

[[package]]
name = "mdurl"
version = "0.1.2"
source = { registry = "https://pypi.org/simple" }
sdist = { url = "https://files.pythonhosted.org/packages/d6/54/cfe61301667036ec958cb99bd3efefba235e65cdeb9c84d24a8293ba1d90/mdurl-0.1.2.tar.gz", hash = "sha256:bb413d29f5eea38f31dd4754dd7377d4465116fb207585f97bf925588687c1ba", size = 8729, upload-time = "2022-08-14T12:40:10.846Z" }
wheels = [
    { url = "https://files.pythonhosted.org/packages/b3/38/89ba8ad64ae25be8de66a6d463314cf1eb366222074cfda9ee839c56a4b4/mdurl-0.1.2-py3-none-any.whl", hash = "sha256:84008a41e51615a49fc9966191ff91509e3c40b939176e643fd50a5c2196b8f8", size = 9979, upload-time = "2022-08-14T12:40:09.779Z" },
]

[[package]]
name = "packaging"
version = "26.0"
source = { registry = "https://pypi.org/simple" }
sdist = { url = "https://files.pythonhosted.org/packages/65/ee/299d360cdc32edc7d2cf530f3accf79c4fca01e96ffc950d8a52213bd8e4/packaging-26.0.tar.gz", hash = "sha256:00243ae351a257117b6a241061796684b084ed1c516a08c48a3f7e147a9d80b4", size = 143416, upload-time = "2026-01-21T20:50:39.064Z" }
wheels = [
    { url = "https://files.pythonhosted.org/packages/b7/b9/c538f279a4e237a006a2c98387d081e9eb060d203d8ed34467cc0f0b9b53/packaging-26.0-py3-none-any.whl", hash = "sha256:b36f1fef9334a5588b4166f8bcd26a14e521f2b55e6b9de3aaa80d3ff7a37529", size = 74366, upload-time = "2026-01-21T20:50:37.788Z" },
]

[[package]]
name = "pluggy"
version = "1.6.0"
source = { registry = "https://pypi.org/simple" }
sdist = { url = "https://files.pythonhosted.org/packages/f9/e2/3e91f31a7d2b083fe6ef3fa267035b518369d9511ffab804f839851d2779/pluggy-1.6.0.tar.gz", hash = "sha256:7dcc130b76258d33b90f61b658791dede3486c3e6bfb003ee5c9bfb396dd22f3", size = 69412, upload-time = "2025-05-15T12:30:07.975Z" }
wheels = [
    { url = "https://files.pythonhosted.org/packages/54/20/4d324d65cc6d9205fabedc306948156824eb9f0ee1633355a8f7ec5c66bf/pluggy-1.6.0-py3-none-any.whl", hash = "sha256:e920276dd6813095e9377c0bc5566d94c932c33b27a3e3945d8389c374dd4746", size = 20538, upload-time = "2025-05-15T12:30:06.134Z" },
]

[[package]]
name = "pygments"
version = "2.20.0"
source = { registry = "https://pypi.org/simple" }
sdist = { url = "https://files.pythonhosted.org/packages/c3/b2/bc9c9196916376152d655522fdcebac55e66de6603a76a02bca1b6414f6c/pygments-2.20.0.tar.gz", hash = "sha256:6757cd03768053ff99f3039c1a36d6c0aa0b263438fcab17520b30a303a82b5f", size = 4955991, upload-time = "2026-03-29T13:29:33.898Z" }
wheels = [
    { url = "https://files.pythonhosted.org/packages/f4/7e/a72dd26f3b0f4f2bf1dd8923c85f7ceb43172af56d63c7383eb62b332364/pygments-2.20.0-py3-none-any.whl", hash = "sha256:81a9e26dd42fd28a23a2d169d86d7ac03b46e2f8b59ed4698fb4785f946d0176", size = 1231151, upload-time = "2026-03-29T13:29:30.038Z" },
]

[[package]]
name = "pytest"
version = "9.0.3"
source = { registry = "https://pypi.org/simple" }
dependencies = [
    { name = "colorama", marker = "sys_platform == 'win32'" },
    { name = "iniconfig" },
    { name = "packaging" },
    { name = "pluggy" },
    { name = "pygments" },
]
sdist = { url = "https://files.pythonhosted.org/packages/7d/0d/549bd94f1a0a402dc8cf64563a117c0f3765662e2e668477624baeec44d5/pytest-9.0.3.tar.gz", hash = "sha256:b86ada508af81d19edeb213c681b1d48246c1a91d304c6c81a427674c17eb91c", size = 1572165, upload-time = "2026-04-07T17:16:18.027Z" }
wheels = [
    { url = "https://files.pythonhosted.org/packages/d4/24/a372aaf5c9b7208e7112038812994107bc65a84cd00e0354a88c2c77a617/pytest-9.0.3-py3-none-any.whl", hash = "sha256:2c5efc453d45394fdd706ade797c0a81091eccd1d6e4bccfcd476e2b8e0ab5d9", size = 375249, upload-time = "2026-04-07T17:16:16.13Z" },
]

[[package]]
name = "ruff"
version = "0.15.6"
source = { registry = "https://pypi.org/simple" }
sdist = { url = "https://files.pythonhosted.org/packages/51/df/f8629c19c5318601d3121e230f74cbee7a3732339c52b21daa2b82ef9c7d/ruff-0.15.6.tar.gz", hash = "sha256:8394c7bb153a4e3811a4ecdacd4a8e6a4fa8097028119160dffecdcdf9b56ae4", size = 4597916, upload-time = "2026-03-12T23:05:47.51Z" }
wheels = [
    { url = "https://files.pythonhosted.org/packages/9e/2f/4e03a7e5ce99b517e98d3b4951f411de2b0fa8348d39cf446671adcce9a2/ruff-0.15.6-py3-none-linux_armv6l.whl", hash = "sha256:7c98c3b16407b2cf3d0f2b80c80187384bc92c6774d85fefa913ecd941256fff", size = 10508953, upload-time = "2026-03-12T23:05:17.246Z" },
    { url = "https://files.pythonhosted.org/packages/70/60/55bcdc3e9f80bcf39edf0cd272da6fa511a3d94d5a0dd9e0adf76ceebdb4/ruff-0.15.6-py3-none-macosx_10_12_x86_64.whl", hash = "sha256:ee7dcfaad8b282a284df4aa6ddc2741b3f4a18b0555d626805555a820ea181c3", size = 10942257, upload-time = "2026-03-12T23:05:23.076Z" },
    { url = "https://files.pythonhosted.org/packages/e7/f9/005c29bd1726c0f492bfa215e95154cf480574140cb5f867c797c18c790b/ruff-0.15.6-py3-none-macosx_11_0_arm64.whl", hash = "sha256:3bd9967851a25f038fc8b9ae88a7fbd1b609f30349231dffaa37b6804923c4bb", size = 10322683, upload-time = "2026-03-12T23:05:33.738Z" },
    { url = "https://files.pythonhosted.org/packages/5f/74/2f861f5fd7cbb2146bddb5501450300ce41562da36d21868c69b7a828169/ruff-0.15.6-py3-none-manylinux_2_17_aarch64.manylinux2014_aarch64.whl", hash = "sha256:13f4594b04e42cd24a41da653886b04d2ff87adbf57497ed4f728b0e8a4866f8", size = 10660986, upload-time = "2026-03-12T23:05:53.245Z" },
    { url = "https://files.pythonhosted.org/packages/c1/a1/309f2364a424eccb763cdafc49df843c282609f47fe53aa83f38272389e0/ruff-0.15.6-py3-none-manylinux_2_17_armv7l.manylinux2014_armv7l.whl", hash = "sha256:e2ed8aea2f3fe57886d3f00ea5b8aae5bf68d5e195f487f037a955ff9fbaac9e", size = 10332177, upload-time = "2026-03-12T23:05:56.145Z" },
    { url = "https://files.pythonhosted.org/packages/30/41/7ebf1d32658b4bab20f8ac80972fb19cd4e2c6b78552be263a680edc55ac/ruff-0.15.6-py3-none-manylinux_2_17_i686.manylinux2014_i686.whl", hash = "sha256:70789d3e7830b848b548aae96766431c0dc01a6c78c13381f423bf7076c66d15", size = 11170783, upload-time = "2026-03-12T23:06:01.742Z" },
    { url = "https://files.pythonhosted.org/packages/76/be/6d488f6adca047df82cd62c304638bcb00821c36bd4881cfca221561fdfc/ruff-0.15.6-py3-none-manylinux_2_17_ppc64le.manylinux2014_ppc64le.whl", hash = "sha256:542aaf1de3154cea088ced5a819ce872611256ffe2498e750bbae5247a8114e9", size = 12044201, upload-time = "2026-03-12T23:05:28.697Z" },
    { url = "https://files.pythonhosted.org/packages/71/68/e6f125df4af7e6d0b498f8d373274794bc5156b324e8ab4bf5c1b4fc0ec7/ruff-0.15.6-py3-none-manylinux_2_17_s390x.manylinux2014_s390x.whl", hash = "sha256:1c22e6f02c16cfac3888aa636e9eba857254d15bbacc9906c9689fdecb1953ab", size = 11421561, upload-time = "2026-03-12T23:05:31.236Z" },
    { url = "https://files.pythonhosted.org/packages/f1/9f/f85ef5fd01a52e0b472b26dc1b4bd228b8f6f0435975442ffa4741278703/ruff-0.15.6-py3-none-manylinux_2_17_x86_64.manylinux2014_x86_64.whl", hash = "sha256:98893c4c0aadc8e448cfa315bd0cc343a5323d740fe5f28ef8a3f9e21b381f7e", size = 11310928, upload-time = "2026-03-12T23:05:45.288Z" },
    { url = "https://files.pythonhosted.org/packages/8c/26/b75f8c421f5654304b89471ed384ae8c7f42b4dff58fa6ce1626d7f2b59a/ruff-0.15.6-py3-none-manylinux_2_31_riscv64.whl", hash = "sha256:70d263770d234912374493e8cc1e7385c5d49376e41dfa51c5c3453169dc581c", size = 11235186, upload-time = "2026-03-12T23:05:50.677Z" },
    { url = "https://files.pythonhosted.org/packages/fc/d4/d5a6d065962ff7a68a86c9b4f5500f7d101a0792078de636526c0edd40da/ruff-0.15.6-py3-none-musllinux_1_2_aarch64.whl", hash = "sha256:55a1ad63c5a6e54b1f21b7514dfadc0c7fb40093fa22e95143cf3f64ebdcd512", size = 10635231, upload-time = "2026-03-12T23:05:37.044Z" },
    { url = "https://files.pythonhosted.org/packages/d6/56/7c3acf3d50910375349016cf33de24be021532042afbed87942858992491/ruff-0.15.6-py3-none-musllinux_1_2_armv7l.whl", hash = "sha256:8dc473ba093c5ec238bb1e7429ee676dca24643c471e11fbaa8a857925b061c0", size = 10340357, upload-time = "2026-03-12T23:06:04.748Z" },
    { url = "https://files.pythonhosted.org/packages/06/54/6faa39e9c1033ff6a3b6e76b5df536931cd30caf64988e112bbf91ef5ce5/ruff-0.15.6-py3-none-musllinux_1_2_i686.whl", hash = "sha256:85b042377c2a5561131767974617006f99f7e13c63c111b998f29fc1e58a4cfb", size = 10860583, upload-time = "2026-03-12T23:05:58.978Z" },
    { url = "https://files.pythonhosted.org/packages/cb/1e/509a201b843b4dfb0b32acdedf68d951d3377988cae43949ba4c4133a96a/ruff-0.15.6-py3-none-musllinux_1_2_x86_64.whl", hash = "sha256:cef49e30bc5a86a6a92098a7fbf6e467a234d90b63305d6f3ec01225a9d092e0", size = 11410976, upload-time = "2026-03-12T23:05:39.955Z" },
    { url = "https://files.pythonhosted.org/packages/6c/25/3fc9114abf979a41673ce877c08016f8e660ad6cf508c3957f537d2e9fa9/ruff-0.15.6-py3-none-win32.whl", hash = "sha256:bbf67d39832404812a2d23020dda68fee7f18ce15654e96fb1d3ad21a5fe436c", size = 10616872, upload-time = "2026-03-12T23:05:42.451Z" },
    { url = "https://files.pythonhosted.org/packages/89/7a/09ece68445ceac348df06e08bf75db72d0e8427765b96c9c0ffabc1be1d9/ruff-0.15.6-py3-none-win_amd64.whl", hash = "sha256:aee25bc84c2f1007ecb5037dff75cef00414fdf17c23f07dc13e577883dca406", size = 11787271, upload-time = "2026-03-12T23:05:20.168Z" },
    { url = "https://files.pythonhosted.org/packages/7f/d0/578c47dd68152ddddddf31cd7fc67dc30b7cdf639a86275fda821b0d9d98/ruff-0.15.6-py3-none-win_arm64.whl", hash = "sha256:c34de3dd0b0ba203be50ae70f5910b17188556630e2178fd7d79fc030eb0d837", size = 11060497, upload-time = "2026-03-12T23:05:25.968Z" },
]

[[package]]
name = "ty"
version = "0.0.33"
source = { registry = "https://pypi.org/simple" }
sdist = { url = "https://files.pythonhosted.org/packages/84/44/9478c50c266826c1bf30d1692e589755bffa8f1c0a3eb7af8a346c255991/ty-0.0.33.tar.gz", hash = "sha256:46d63bda07403322cb6c28ccfdd5536be916e13df725c29f7ccd0a21f06bd9e8", size = 5559373, upload-time = "2026-04-28T10:45:13.18Z" }
wheels = [
    { url = "https://files.pythonhosted.org/packages/e9/24/e287388c63a19191be26b32ff4dbd06029834068150ebe2532939bc4c851/ty-0.0.33-py3-none-linux_armv6l.whl", hash = "sha256:94d0a9d2234261a8911396d59e506b5923fe0971dbda43b9dcea287936887fcc", size = 11021308, upload-time = "2026-04-28T10:45:43.34Z" },
    { url = "https://files.pythonhosted.org/packages/00/ca/ba1eed819895bd239fba8ee35dfcd5fcb266c203b0914a17a59579096bb5/ty-0.0.33-py3-none-macosx_10_12_x86_64.whl", hash = "sha256:e4a2b5ba078f90de342f56b5f7979bb77c9b9b1d8625a041352ffc6ee93c4073", size = 10777272, upload-time = "2026-04-28T10:45:32.905Z" },
    { url = "https://files.pythonhosted.org/packages/25/a8/c3131d37b44b3fea1d6654a1c929a0cd0873822f77a90482b8ec28f6fbbd/ty-0.0.33-py3-none-macosx_11_0_arm64.whl", hash = "sha256:84ff5707825e9af9668d2bcf66975f93e520a63b524ab494e3a8265735be2563", size = 10201078, upload-time = "2026-04-28T10:45:23.374Z" },
    { url = "https://files.pythonhosted.org/packages/7b/db/d8e37ff0045810cc65e1ff36aa0da0a2253c05659787ac987df8a16c7897/ty-0.0.33-py3-none-manylinux_2_17_aarch64.manylinux2014_aarch64.whl", hash = "sha256:e375285736f57886868e7af0b11c7b0ec5b6543fa15e7ad2a714fed9f077d4e0", size = 10732347, upload-time = "2026-04-28T10:45:21.444Z" },
    { url = "https://files.pythonhosted.org/packages/e0/1a/20e83a412506a918e4684fc67b567cf7cc13b105470b3428cb23c3d5aa13/ty-0.0.33-py3-none-manylinux_2_17_armv7l.manylinux2014_armv7l.whl", hash = "sha256:5680f6350c3b4e46b8bff6d7bb132366ea239463d6cad4892725d06046e65464", size = 10808238, upload-time = "2026-04-28T10:45:38.565Z" },
    { url = "https://files.pythonhosted.org/packages/5d/4b/d0a39f4464dc6cb4cc2c159473ce216bd1846bfb684c0323a3cb36dce5c6/ty-0.0.33-py3-none-manylinux_2_17_i686.manylinux2014_i686.whl", hash = "sha256:c5535538bad8d0f7e62bcdff02197cdb30e41451d80b35d27e17d128f2e1dc5d", size = 11288348, upload-time = "2026-04-28T10:45:08.419Z" },
    { url = "https://files.pythonhosted.org/packages/35/7e/f1745e0f9583363d7a83d9a4990fc244f76ecc30840ddad83dc16a33c52d/ty-0.0.33-py3-none-manylinux_2_17_ppc64le.manylinux2014_ppc64le.whl", hash = "sha256:da196c42bbbc069e1e21e3e52107c061aa9660352dae57a41930690b56e2c02d", size = 11789907, upload-time = "2026-04-28T10:45:19.064Z" },
    { url = "https://files.pythonhosted.org/packages/a5/71/25f39f46a12d662859d45bc648555d0661044eb43db6b5648c9947487da9/ty-0.0.33-py3-none-manylinux_2_17_s390x.manylinux2014_s390x.whl", hash = "sha256:9281672921ef6d4460e03146b5e6c18cb1a3e3a3b8a1a88f6f33226d05a469b7", size = 11500774, upload-time = "2026-04-28T10:45:48.012Z" },
    { url = "https://files.pythonhosted.org/packages/94/ec/136959ecbb7c71cb90537f5aea441c73f4ab24612868a6ecdc9d7444d32d/ty-0.0.33-py3-none-manylinux_2_17_x86_64.manylinux2014_x86_64.whl", hash = "sha256:82c1b8f303f82da64e878108e764be3ecbcd7c9903ac0a7f7031614ed00b97ab", size = 11360314, upload-time = "2026-04-28T10:45:05.402Z" },
    { url = "https://files.pythonhosted.org/packages/cf/95/32809575c222f00beed498cb728e9290a0f5009f930025381bb7253b2206/ty-0.0.33-py3-none-musllinux_1_2_aarch64.whl", hash = "sha256:efe3af412c9ff67bce5fa37d0a2b0d8555c24072b145a5bac6c79637f1c83abe", size = 10707785, upload-time = "2026-04-28T10:45:10.836Z" },
    { url = "https://files.pythonhosted.org/packages/13/89/c8e9531f7aa4a093359e15fa32c8e1277fbbe90d16894d7c6032d29f4b34/ty-0.0.33-py3-none-musllinux_1_2_armv7l.whl", hash = "sha256:aeec29c91ea768601747da546c3efc20b72c2fb1bd52bcc786a5c6eeff51d27b", size = 10834987, upload-time = "2026-04-28T10:45:40.738Z" },
    { url = "https://files.pythonhosted.org/packages/31/16/9835fbcf5338af1a1917bd28fdb8a7193c210b83f243aa286fa9f79cb3ad/ty-0.0.33-py3-none-musllinux_1_2_i686.whl", hash = "sha256:a535977c52bbb5f7e96b8b70a6ad375ad077f4a9ff2492508ea3816a2b403819", size = 10968968, upload-time = "2026-04-28T10:45:30.26Z" },
    { url = "https://files.pythonhosted.org/packages/36/69/64c76aabc1bc70c7f24b686cd93c3407f8ea430905e395f59bf9603ef571/ty-0.0.33-py3-none-musllinux_1_2_x86_64.whl", hash = "sha256:1d732facf39fcb221ba279d469c5040d37883e964f123b1563888efd34818180", size = 11458077, upload-time = "2026-04-28T10:45:45.971Z" },
    { url = "https://files.pythonhosted.org/packages/91/84/fae27b0c4718776a298690d31ca4cc1995f2e3e1c63a7b59e84c41498e9a/ty-0.0.33-py3-none-win32.whl", hash = "sha256:d90960b574428dc252f85e8598ec5fcb7f619794196b2fc95a90da075ed4681c", size = 10345364, upload-time = "2026-04-28T10:45:16.836Z" },
    { url = "https://files.pythonhosted.org/packages/3c/a0/a2938b23ae3e1a09a2d7c189e2ac5f7113676bae4e0e23948b568e18e5f8/ty-0.0.33-py3-none-win_amd64.whl", hash = "sha256:c1c3aec62c44de610c6e95f0a4e97ac3dbc07934bfdbf1fd90d758c9ff72f48e", size = 11342470, upload-time = "2026-04-28T10:45:26.455Z" },
    { url = "https://files.pythonhosted.org/packages/ab/62/7fb948aace38d2f6329261bb33c035a8484549c74f1db28649c7a4c6fed9/ty-0.0.33-py3-none-win_arm64.whl", hash = "sha256:0d44f99ba1b441e55e2aa301b2ac0a21112784931b46a5f66f4ea9efe5620d97", size = 10742673, upload-time = "2026-04-28T10:45:35.555Z" },
]

[[package]]
name = "watchfiles"
version = "1.2.0"
source = { registry = "https://pypi.org/simple" }
dependencies = [
    { name = "anyio" },
]
sdist = { url = "https://files.pythonhosted.org/packages/cd/41/5e1a4bb12aac5f1493fa1bdc11154eca3b258ca4eba65d39c473fe19d8e9/watchfiles-1.2.0.tar.gz", hash = "sha256:c995fba777f1ea992f090f9236e9284cf7a5d1a0130dd5a3d82c598cacd76838", size = 108252, upload-time = "2026-05-18T04:32:04.251Z" }
wheels = [
    { url = "https://files.pythonhosted.org/packages/e7/54/a9c7ea9a82a4ac65e7004c0a03920b5cdd2f9c3b678757d9cd425aa51d53/watchfiles-1.2.0-cp314-cp314-macosx_10_12_x86_64.whl", hash = "sha256:b8c8358484d5fa12ef34f05b7f4168eaf1932f408725ff6d023c33ec17bd79d4", size = 400205, upload-time = "2026-05-18T04:32:05.153Z" },
    { url = "https://files.pythonhosted.org/packages/aa/5d/c9ab3534374a4a67450696905d6ef16a04405448b8dc52bd752ae50423d4/watchfiles-1.2.0-cp314-cp314-macosx_11_0_arm64.whl", hash = "sha256:9f04b092229ad2c50126dd3c922c8822e51e605993764a33058d4a791ab42281", size = 392508, upload-time = "2026-05-18T04:30:54.849Z" },
    { url = "https://files.pythonhosted.org/packages/26/ca/1ad30103535cf0cecd7b993e8d50edc5351b1820e38f2d22e3df58962feb/watchfiles-1.2.0-cp314-cp314-manylinux_2_17_aarch64.manylinux2014_aarch64.whl", hash = "sha256:7a7ce236284f002a156f70add88efe5c70879cccbb658be0822c54b1306fc09d", size = 452448, upload-time = "2026-05-18T04:30:53.727Z" },
    { url = "https://files.pythonhosted.org/packages/37/a1/ceee2cdf2afbd715fa07758d39c9859513eae411b23196f7fd039e5feedd/watchfiles-1.2.0-cp314-cp314-manylinux_2_17_armv7l.manylinux2014_armv7l.whl", hash = "sha256:b9909cc2b48468b575eefa944919e1fe8a36c5849d5c7c168f80a8c1db69398e", size = 459605, upload-time = "2026-05-18T04:30:23.312Z" },
    { url = "https://files.pythonhosted.org/packages/e8/f6/421e30fd1cb3907a84ed92ab3f1983e37ba2dca015e9a894a048418417a2/watchfiles-1.2.0-cp314-cp314-manylinux_2_17_i686.manylinux2014_i686.whl", hash = "sha256:0a37faaed405c67e28e6be45a1fa4f206ef5a2860f27c237db9fa30704c38242", size = 490757, upload-time = "2026-05-18T04:30:47.358Z" },
    { url = "https://files.pythonhosted.org/packages/41/b0/55ed1b97ed08be7bba6f9a541cac15f2a858e1d74d2b07b6da70a82aab00/watchfiles-1.2.0-cp314-cp314-manylinux_2_17_ppc64le.manylinux2014_ppc64le.whl", hash = "sha256:9649193aa27bd9ff2e80ff29bfaa93085496c7a3a377592823cc58b77ee88add", size = 568672, upload-time = "2026-05-18T04:30:38.915Z" },
    { url = "https://files.pythonhosted.org/packages/d1/cf/d8ae8a80dd7bafab395ea7681c10237311bbf34d37704a8c744e7cf31fc7/watchfiles-1.2.0-cp314-cp314-manylinux_2_17_s390x.manylinux2014_s390x.whl", hash = "sha256:4e4ff8e37f99cf1da89e255e07c9c4b37c214038c4283707bdec308cb1b0ea1f", size = 464197, upload-time = "2026-05-18T04:30:09.914Z" },
    { url = "https://files.pythonhosted.org/packages/7c/8a/3076c496ca8dafe0e8cd03fcebdfc47be4b1174b4e5b24ff6e396e6b3af2/watchfiles-1.2.0-cp314-cp314-manylinux_2_17_x86_64.manylinux2014_x86_64.whl", hash = "sha256:054dc20fd2e3132b4c3883b4a00d72fd6e1f56fdaf89fccd12e8057d74cd74d7", size = 453181, upload-time = "2026-05-18T04:30:14.829Z" },
    { url = "https://files.pythonhosted.org/packages/e5/10/9745e17c98e7b8a86454df0a3c7b5686bd650383f1e9f26e4ebcbd6cc0c0/watchfiles-1.2.0-cp314-cp314-manylinux_2_31_riscv64.whl", hash = "sha256:e140ed30ebde76796b686e67c182cff10ea2fbab186fafd1560f74bb5a473a6e", size = 465109, upload-time = "2026-05-18T04:30:28.123Z" },
    { url = "https://files.pythonhosted.org/packages/8f/95/8ef4a95481d3e0cb52d62a06fa6e972e81424be2d9698b91a2fecca9904c/watchfiles-1.2.0-cp314-cp314-musllinux_1_1_aarch64.whl", hash = "sha256:bb7e52ecf68ba46d22df23467b87cffeb2146908aa523ebfe803019618cfda06", size = 630653, upload-time = "2026-05-18T04:31:49.304Z" },
    { url = "https://files.pythonhosted.org/packages/fd/e4/3b3bf36b0f829b50c6ebcb8d031583863c59f923d6a6af3d485e470d0fac/watchfiles-1.2.0-cp314-cp314-musllinux_1_1_x86_64.whl", hash = "sha256:23282a321c8baf9b3a3c4afff673f9fe65eb7fdc2338d765ccad9d3d1916a5ba", size = 657838, upload-time = "2026-05-18T04:31:06.497Z" },
    { url = "https://files.pythonhosted.org/packages/21/b1/6cbbb50c1f3002ab568777d44aa21206dfb8807a840990c4037523b51812/watchfiles-1.2.0-cp314-cp314-win32.whl", hash = "sha256:c0db965c5f79aa49fe672d297cf1febc5ad149b658594944f49a54a2b96270a7", size = 275108, upload-time = "2026-05-18T04:30:06.891Z" },
    { url = "https://files.pythonhosted.org/packages/92/45/190ce6db8dcb4536682cf75d3889ff1a27182a58cb519d343cb6d9ea63d8/watchfiles-1.2.0-cp314-cp314-win_amd64.whl", hash = "sha256:71283b39fd17e5408eb123bd37aeecfd9d54c81fc184421943208aadb879d103", size = 288441, upload-time = "2026-05-18T04:32:12.901Z" },
    { url = "https://files.pythonhosted.org/packages/74/0d/3eae1c2313ab08378431d907c3f8095ecca00f3eda33111cf4f0f2591799/watchfiles-1.2.0-cp314-cp314-win_arm64.whl", hash = "sha256:c5c19526f4e54a00f2666a6c0e9e40d582c09e865055ea7378bf0009aab857b3", size = 280684, upload-time = "2026-05-18T04:31:26.902Z" },
    { url = "https://files.pythonhosted.org/packages/b1/75/fb64e6c25d6b5ca636d03df34ffb1c6e9873303e76d27967e045f8df088f/watchfiles-1.2.0-cp314-cp314t-macosx_10_12_x86_64.whl", hash = "sha256:d73a585accffa5ae39c17264c36ec3166d2fad7000c780f5ef83b2722afb9dd2", size = 398857, upload-time = "2026-05-18T04:32:17.108Z" },
    { url = "https://files.pythonhosted.org/packages/73/4e/9f7adf01754cbf81843722ccfec169d8f26c69778281a302855cecd2ee08/watchfiles-1.2.0-cp314-cp314t-macosx_11_0_arm64.whl", hash = "sha256:ae99b14c5f21e026e0e9d96f40e07d8570ebee6cafd9d8fc318354606daa7a28", size = 392413, upload-time = "2026-05-18T04:31:07.911Z" },
    { url = "https://files.pythonhosted.org/packages/47/c8/bec626bcc2d69f44b9acb24ce7d60ed7b16b73628eea747fcbd169d8edda/watchfiles-1.2.0-cp314-cp314t-manylinux_2_17_aarch64.manylinux2014_aarch64.whl", hash = "sha256:4429f3b105524a10b72c3a819b091c495d2811d419c1e1e8df773a5a5974f831", size = 452409, upload-time = "2026-05-18T04:31:20.142Z" },
    { url = "https://files.pythonhosted.org/packages/00/b7/b6362068e81e7c556d155a34c35d40ac3ef42d747b06d7f6e5bf58e359c2/watchfiles-1.2.0-cp314-cp314t-manylinux_2_17_armv7l.manylinux2014_armv7l.whl", hash = "sha256:43d818978d06062d9b22c4fab2ebe44cf5213d42dc8e62bda8c2760cfa2eeb33", size = 458827, upload-time = "2026-05-18T04:32:06.219Z" },
    { url = "https://files.pythonhosted.org/packages/67/f8/9a813fa42afb1e0b4625e75f0479826644d3ee8dc287e093799bc01f390c/watchfiles-1.2.0-cp314-cp314t-manylinux_2_17_i686.manylinux2014_i686.whl", hash = "sha256:b9f732dc58b2dbe69e464ccf8fff7a03b0dd0be439da4c0720d3558527d3d6b4", size = 490104, upload-time = "2026-05-18T04:31:56.034Z" },
    { url = "https://files.pythonhosted.org/packages/2f/bf/27dfb6094ca4c9aad21298b5525b6c53cb36121ee454331d05161e58d130/watchfiles-1.2.0-cp314-cp314t-manylinux_2_17_ppc64le.manylinux2014_ppc64le.whl", hash = "sha256:8f200104103feb097de4cab8fe4f5dd18a2026934c7dea98c55a2f5fd6d5a33b", size = 571360, upload-time = "2026-05-18T04:31:57.133Z" },
    { url = "https://files.pythonhosted.org/packages/fb/39/44a096d67270ea93df91d33877dbe91fbda3aa4f8ec2edf799d93eda8736/watchfiles-1.2.0-cp314-cp314t-manylinux_2_17_s390x.manylinux2014_s390x.whl", hash = "sha256:63ac26eefbf4af1741247d6fb68b11c49a25b2f7413fbd318a83a12aaa9cf666", size = 464644, upload-time = "2026-05-18T04:30:57.33Z" },
    { url = "https://files.pythonhosted.org/packages/0e/80/c7472203bad6268e3ef1ad260739704847898938ad7ea8b63a5131f46b50/watchfiles-1.2.0-cp314-cp314t-manylinux_2_17_x86_64.manylinux2014_x86_64.whl", hash = "sha256:0c4997d4e4a55f0d02b6cde327322daf3a0400e5df6c6b15948994bf72497925", size = 454771, upload-time = "2026-05-18T04:30:48.736Z" },
    { url = "https://files.pythonhosted.org/packages/51/cf/3b10b268b4b7f0fc26e9debb5eef1998b515887840f444cd3ec80c688755/watchfiles-1.2.0-cp314-cp314t-manylinux_2_31_riscv64.whl", hash = "sha256:4c887eba18b7945ac73067a8b4a66f21cd46c2539b2bc68588f7be6c7eb6d26b", size = 463494, upload-time = "2026-05-18T04:31:33.826Z" },
    { url = "https://files.pythonhosted.org/packages/3d/3e/a4302545cd589262a0dc7d140e86f7688eba3f9c72776c27f7e23b8864c4/watchfiles-1.2.0-cp314-cp314t-musllinux_1_1_aarch64.whl", hash = "sha256:3416ff151bb6b5a8d8d11664974fbef4d9305b9b2957839ab5a270468fd8df30", size = 629383, upload-time = "2026-05-18T04:31:15.596Z" },
    { url = "https://files.pythonhosted.org/packages/db/99/d5649df0a9a410d45b7c882304d0b790903ac9b6e8f2cfd12114e0c6b9f2/watchfiles-1.2.0-cp314-cp314t-musllinux_1_1_x86_64.whl", hash = "sha256:0e831a271c035d89789cffc386b6aa1375f39f1cd25eb7ca0997e4970d152fc5", size = 656093, upload-time = "2026-05-18T04:31:58.707Z" },
    { url = "https://files.pythonhosted.org/packages/92/b9/362702539275019a54dd2e94511b31a9b89c5f9e6a21966de7eb692549fc/watchfiles-1.2.0-cp315-cp315-macosx_10_12_x86_64.whl", hash = "sha256:37a6721cdf3f65dbb13aa9503510ccb4451603ac837e44d265d7992a597e1374", size = 400109, upload-time = "2026-05-18T04:31:16.879Z" },
    { url = "https://files.pythonhosted.org/packages/8f/75/71d5ba62db781e5587bded1d944c675374bc4aa37ff33d5018d98e8b6538/watchfiles-1.2.0-cp315-cp315-macosx_11_0_arm64.whl", hash = "sha256:2b37d10b5a63bd4d87e18472d80fa525bd670586fae62e5dd580452764879b65", size = 392167, upload-time = "2026-05-18T04:31:28.058Z" },
    { url = "https://files.pythonhosted.org/packages/3c/01/c66dd95d0423fe30d31820e2d1d5bda773764131bbb6ac0cb1cf303ac328/watchfiles-1.2.0-cp315-cp315-manylinux_2_17_aarch64.manylinux2014_aarch64.whl", hash = "sha256:0a105bc2283f67e8fbec74253ec2d94925de92ed72c0393f1206bf326b7b7b69", size = 452372, upload-time = "2026-05-18T04:31:00.836Z" },
    { url = "https://files.pythonhosted.org/packages/91/15/2fe99557e72f85627c6a8eed50d889e8d101623e060a22ad75b875cb932d/watchfiles-1.2.0-cp315-cp315-manylinux_2_17_armv7l.manylinux2014_armv7l.whl", hash = "sha256:5327989a465505f05cfe06f04fa9d0c2fd5432bb243e10e6f012b1bdca3c8579", size = 459596, upload-time = "2026-05-18T04:31:34.96Z" },
    { url = "https://files.pythonhosted.org/packages/ed/23/d4acfa0023367428ed48351b3b9b267893037b6cadae55620c61c24bcfd4/watchfiles-1.2.0-cp315-cp315-manylinux_2_17_i686.manylinux2014_i686.whl", hash = "sha256:ecb47f183a8025b2aa18b546725c3657e542112ae9c0613a2af79b4fa8d04ad7", size = 490869, upload-time = "2026-05-18T04:31:59.923Z" },
    { url = "https://files.pythonhosted.org/packages/a4/5f/3164cbdce06c9fb95c4f7b9e2f9760b5e2797af43a9ecc317ef42a23a278/watchfiles-1.2.0-cp315-cp315-manylinux_2_17_ppc64le.manylinux2014_ppc64le.whl", hash = "sha256:8520a4ab0e37f770afc34459c4f8f7019e153f9124dc101c15538365875d1ab2", size = 571641, upload-time = "2026-05-18T04:32:00.948Z" },
    { url = "https://files.pythonhosted.org/packages/41/e6/85d3731c55e65cd7690f3f803d24c139588aaf863e4bf2148fe7a7fa1a19/watchfiles-1.2.0-cp315-cp315-manylinux_2_17_s390x.manylinux2014_s390x.whl", hash = "sha256:71cd71740ed2c15211ebb237ced4e39a1cdf6f80566e5fe95428da1626f4fde6", size = 464444, upload-time = "2026-05-18T04:30:34.298Z" },
    { url = "https://files.pythonhosted.org/packages/f4/7d/562641012b8b09872742c3b8adf9629ec479fd78f8d68ae4a0c13da8add6/watchfiles-1.2.0-cp315-cp315-manylinux_2_17_x86_64.manylinux2014_x86_64.whl", hash = "sha256:f88af53d6ddaf72179ef613ddc905e6f4785f712b49b80b3bef9f3525e6194b4", size = 453593, upload-time = "2026-05-18T04:31:23.464Z" },
    { url = "https://files.pythonhosted.org/packages/56/fe/cb8ef3d6f929d14158fdaaad9925985b7310abc9384dcd4d82dd0016fb59/watchfiles-1.2.0-cp315-cp315-manylinux_2_31_riscv64.whl", hash = "sha256:cee9d5efd929efdac5f7e58f72b3376f676b64050a91c5b99a7094c5b2317488", size = 465096, upload-time = "2026-05-18T04:31:30.384Z" },
    { url = "https://files.pythonhosted.org/packages/25/91/80908e835e100527a9267147b08c0eee1fa6ab0ffec15edc04d1d44885f7/watchfiles-1.2.0-cp315-cp315-musllinux_1_1_aarch64.whl", hash = "sha256:b718bf356bbc15e559bd8ef41782b573b8ae0e3f177ab244b440568d7ea02cfb", size = 630638, upload-time = "2026-05-18T04:30:49.89Z" },
    { url = "https://files.pythonhosted.org/packages/46/4b/95ab2f256bb4af3cb2eb23b9317bda984ee6e0f11733a5c004a6c95b06e3/watchfiles-1.2.0-cp315-cp315-musllinux_1_1_x86_64.whl", hash = "sha256:922c0e019fe68b3ae392965a766b02a71ba1168c932cebc3733cd52c5fe5b377", size = 657684, upload-time = "2026-05-18T04:31:32.027Z" },
]
